
Microsoft Visual Studio Solution File, Format Version 12.00
# Visual Studio 15
Project("{FAE04EC0-301F-11D3-BF4B-00C04F79EFBC}") = "Assembly-CSharp", "Assembly-CSharp.csproj", "{10EF6929-A4BA-5C8D-A757-16973CBF77A2}"
EndProject
Project("{FAE04EC0-301F-11D3-BF4B-00C04F79EFBC}") = "Assembly-CSharp-Editor", "Assembly-CSharp-Editor.csproj", "{157A4743-0F32-E24A-B20D-AEA3034BBDB9}"
EndProject
Global
	GlobalSection(SolutionConfigurationPlatforms) = preSolution
		Debug|Any CPU = Debug|Any CPU
		Release|Any CPU = Release|Any CPU
	EndGlobalSection
	GlobalSection(ProjectConfigurationPlatforms) = postSolution
		{10EF6929-A4BA-5C8D-A757-16973CBF77A2}.Debug|Any CPU.ActiveCfg = Debug|Any CPU
		{10EF6929-A4BA-5C8D-A757-16973CBF77A2}.Debug|Any CPU.Build.0 = Debug|Any CPU
		{10EF6929-A4BA-5C8D-A757-16973CBF77A2}.Release|Any CPU.ActiveCfg = Release|Any CPU
		{10EF6929-A4BA-5C8D-A757-16973CBF77A2}.Release|Any CPU.Build.0 = Release|Any CPU
		{157A4743-0F32-E24A-B20D-AEA3034BBDB9}.Debug|Any CPU.ActiveCfg = Debug|Any CPU
		{157A4743-0F32-E24A-B20D-AEA3034BBDB9}.Debug|Any CPU.Build.0 = Debug|Any CPU
		{157A4743-0F32-E24A-B20D-AEA3034BBDB9}.Release|Any CPU.ActiveCfg = Release|Any CPU
		{157A4743-0F32-E24A-B20D-AEA3034BBDB9}.Release|Any CPU.Build.0 = Release|Any CPU
	EndGlobalSection
	GlobalSection(SolutionProperties) = preSolution
		HideSolutionNode = FALSE
	EndGlobalSection
EndGlobal
